
Microsoft Visual Studio Solution File, Format Version 12.00
# Visual Studio Version 17
VisualStudioVersion = 17.14.36414.22 d17.14
MinimumVisualStudioVersion = 10.0.40219.1
Project("{FAE04EC0-301F-11D3-BF4B-00C04F79EFBC}") = "RestauranteMariscos", "RestauranteMariscos\RestauranteMariscos.csproj", "{3E8BE016-49E2-47C8-A574-9B331201A39D}"
EndProject
Global
	GlobalSection(SolutionConfigurationPlatforms) = preSolution
		Debug|Any CPU = Debug|Any CPU
		Release|Any CPU = Release|Any CPU
	EndGlobalSection
	GlobalSection(ProjectConfigurationPlatforms) = postSolution
		{3E8BE016-49E2-47C8-A574-9B331201A39D}.Debug|Any CPU.ActiveCfg = Debug|Any CPU
		{3E8BE016-49E2-47C8-A574-9B331201A39D}.Debug|Any CPU.Build.0 = Debug|Any CPU
		{3E8BE016-49E2-47C8-A574-9B331201A39D}.Release|Any CPU.ActiveCfg = Release|Any CPU
		{3E8BE016-49E2-47C8-A574-9B331201A39D}.Release|Any CPU.Build.0 = Release|Any CPU
	EndGlobalSection
	GlobalSection(SolutionProperties) = preSolution
		HideSolutionNode = FALSE
	EndGlobalSection
	GlobalSection(ExtensibilityGlobals) = postSolution
		SolutionGuid = {4CCC88F4-3DAE-4DE1-882B-9F413B5D9681}
	EndGlobalSection
EndGlobal
